// !$*UTF8*$!
{
	archiveVersion = 1;
	classes = {
	};
	objectVersion = 50;
	objects = {

/* Begin PBXBuildFile section */
		E7454EE225FDD35A005FA5F8 /* VerticalLayoutView.swift in Sources */ = {isa = PBXBuildFile; fileRef = E7454EE125FDD35A005FA5F8 /* VerticalLayoutView.swift */; };
		E7454EE625FDD484005FA5F8 /* HorizontalLayoutView.swift in Sources */ = {isa = PBXBuildFile; fileRef = E7454EE525FDD484005FA5F8 /* HorizontalLayoutView.swift */; };
		E7454EEB25FDD7D6005FA5F8 /* ListVIew.swift in Sources */ = {isa = PBXBuildFile; fileRef = E7454EEA25FDD7D6005FA5F8 /* ListVIew.swift */; };
		E7454EEF25FDE91C005FA5F8 /* MainCardView.swift in Sources */ = {isa = PBXBuildFile; fileRef = E7454EEE25FDE91C005FA5F8 /* MainCardView.swift */; };
		E787962625FDCFB100982E3A /* SwiftUI_PracticeApp.swift in Sources */ = {isa = PBXBuildFile; fileRef = E787962525FDCFB100982E3A /* SwiftUI_PracticeApp.swift */; };
		E787962825FDCFB100982E3A /* ContentView.swift in Sources */ = {isa = PBXBuildFile; fileRef = E787962725FDCFB100982E3A /* ContentView.swift */; };
		E787962A25FDCFB200982E3A /* Assets.xcassets in Resources */ = {isa = PBXBuildFile; fileRef = E787962925FDCFB200982E3A /* Assets.xcassets */; };
		E787962D25FDCFB200982E3A /* Preview Assets.xcassets in Resources */ = {isa = PBXBuildFile; fileRef = E787962C25FDCFB200982E3A /* Preview Assets.xcassets */; };
/* End PBXBuildFile section */

/* Begin PBXFileReference section */
		E7454EE125FDD35A005FA5F8 /* VerticalLayoutView.swift */ = {isa = PBXFileReference; lastKnownFileType = sourcecode.swift; path = VerticalLayoutView.swift; sourceTree = "<group>"; };
		E7454EE525FDD484005FA5F8 /* HorizontalLayoutView.swift */ = {isa = PBXFileReference; lastKnownFileType = sourcecode.swift; path = HorizontalLayoutView.swift; sourceTree = "<group>"; };
		E7454EEA25FDD7D6005FA5F8 /* ListVIew.swift */ = {isa = PBXFileReference; lastKnownFileType = sourcecode.swift; path = ListVIew.swift; sourceTree = "<group>"; };
		E7454EEE25FDE91C005FA5F8 /* MainCardView.swift */ = {isa = PBXFileReference; lastKnownFileType = sourcecode.swift; path = MainCardView.swift; sourceTree = "<group>"; };
		E787962225FDCFB100982E3A /* SwiftUI-Practice.app */ = {isa = PBXFileReference; explicitFileType = wrapper.application; includeInIndex = 0; path = "SwiftUI-Practice.app"; sourceTree = BUILT_PRODUCTS_DIR; };
		E787962525FDCFB100982E3A /* SwiftUI_PracticeApp.swift */ = {isa = PBXFileReference; lastKnownFileType = sourcecode.swift; path = SwiftUI_PracticeApp.swift; sourceTree = "<group>"; };
		E787962725FDCFB100982E3A /* ContentView.swift */ = {isa = PBXFileReference; lastKnownFileType = sourcecode.swift; path = ContentView.swift; sourceTree = "<group>"; };
		E787962925FDCFB200982E3A /* Assets.xcassets */ = {isa = PBXFileReference; lastKnownFileType = folder.assetcatalog; path = Assets.xcassets; sourceTree = "<group>"; };
		E787962C25FDCFB200982E3A /* Preview Assets.xcassets */ = {isa = PBXFileReference; lastKnownFileType = folder.assetcatalog; path = "Preview Assets.xcassets"; sourceTree = "<group>"; };
		E787962E25FDCFB200982E3A /* Info.plist */ = {isa = PBXFileReference; lastKnownFileType = text.plist.xml; path = Info.plist; sourceTree = "<group>"; };
/* End PBXFileReference section */

/* Begin PBXFrameworksBuildPhase section */
		E787961F25FDCFB100982E3A /* Frameworks */ = {
			isa = PBXFrameworksBuildPhase;
			buildActionMask = 2147483647;
			files = (
			);
			runOnlyForDeploymentPostprocessing = 0;
		};
/* End PBXFrameworksBuildPhase section */

/* Begin PBXGroup section */
		E7454EE825FDD754005FA5F8 /* Layout */ = {
			isa = PBXGroup;
			children = (
				E7454EE125FDD35A005FA5F8 /* VerticalLayoutView.swift */,
				E7454EE525FDD484005FA5F8 /* HorizontalLayoutView.swift */,
			);
			path = Layout;
			sourceTree = "<group>";
		};
		E7454EE925FDD766005FA5F8 /* List */ = {
			isa = PBXGroup;
			children = (
				E7454EEA25FDD7D6005FA5F8 /* ListVIew.swift */,
				E7454EEE25FDE91C005FA5F8 /* MainCardView.swift */,
			);
			name = List;
			sourceTree = "<group>";
		};
		E787961925FDCFB100982E3A = {
			isa = PBXGroup;
			children = (
				E787962425FDCFB100982E3A /* SwiftUI-Practice */,
				E787962325FDCFB100982E3A /* Products */,
			);
			sourceTree = "<group>";
		};
		E787962325FDCFB100982E3A /* Products */ = {
			isa = PBXGroup;
			children = (
				E787962225FDCFB100982E3A /* SwiftUI-Practice.app */,
			);
			name = Products;
			sourceTree = "<group>";
		};
		E787962425FDCFB100982E3A /* SwiftUI-Practice */ = {
			isa = PBXGroup;
			children = (
				E7454EE925FDD766005FA5F8 /* List */,
				E787962525FDCFB100982E3A /* SwiftUI_PracticeApp.swift */,
				E787962725FDCFB100982E3A /* ContentView.swift */,
				E787962925FDCFB200982E3A /* Assets.xcassets */,
				E787962E25FDCFB200982E3A /* Info.plist */,
				E787962B25FDCFB200982E3A /* Preview Content */,
				E7454EE825FDD754005FA5F8 /* Layout */,
			);
			path = "SwiftUI-Practice";
			sourceTree = "<group>";
		};
		E787962B25FDCFB200982E3A /* Preview Content */ = {
			isa = PBXGroup;
			children = (
				E787962C25FDCFB200982E3A /* Preview Assets.xcassets */,
			);
			path = "Preview Content";
			sourceTree = "<group>";
		};
/* End PBXGroup section */

/* Begin PBXNativeTarget section */
		E787962125FDCFB100982E3A /* SwiftUI-Practice */ = {
			isa = PBXNativeTarget;
			buildConfigurationList = E787963125FDCFB200982E3A /* Build configuration list for PBXNativeTarget "SwiftUI-Practice" */;
			buildPhases = (
				E787961E25FDCFB100982E3A /* Sources */,
				E787961F25FDCFB100982E3A /* Frameworks */,
				E787962025FDCFB100982E3A /* Resources */,
			);
			buildRules = (
			);
			dependencies = (
			);
			name = "SwiftUI-Practice";
			productName = "SwiftUI-Practice";
			productReference = E787962225FDCFB100982E3A /* SwiftUI-Practice.app */;
			productType = "com.apple.product-type.application";
		};
/* End PBXNativeTarget section */

/* Begin PBXProject section */
		E787961A25FDCFB100982E3A /* Project object */ = {
			isa = PBXProject;
			attributes = {
				LastSwiftUpdateCheck = 1240;
				LastUpgradeCheck = 1240;
				TargetAttributes = {
					E787962125FDCFB100982E3A = {
						CreatedOnToolsVersion = 12.4;
					};
				};
			};
			buildConfigurationList = E787961D25FDCFB100982E3A /* Build configuration list for PBXProject "SwiftUI-Practice" */;
			compatibilityVersion = "Xcode 9.3";
			developmentRegion = en;
			hasScannedForEncodings = 0;
			knownRegions = (
				en,
				Base,
			);
			mainGroup = E787961925FDCFB100982E3A;
			productRefGroup = E787962325FDCFB100982E3A /* Products */;
			projectDirPath = "";
			projectRoot = "";
			targets = (
				E787962125FDCFB100982E3A /* SwiftUI-Practice */,
			);
		};
/* End PBXProject section */

/* Begin PBXResourcesBuildPhase section */
		E787962025FDCFB100982E3A /* Resources */ = {
			isa = PBXResourcesBuildPhase;
			buildActionMask = 2147483647;
			files = (
				E787962D25FDCFB200982E3A /* Preview Assets.xcassets in Resources */,
				E787962A25FDCFB200982E3A /* Assets.xcassets in Resources */,
			);
			runOnlyForDeploymentPostprocessing = 0;
		};
/* End PBXResourcesBuildPhase section */

/* Begin PBXSourcesBuildPhase section */
		E787961E25FDCFB100982E3A /* Sources */ = {
			isa = PBXSourcesBuildPhase;
			buildActionMask = 2147483647;
			files = (
				E7454EE625FDD484005FA5F8 /* HorizontalLayoutView.swift in Sources */,
				E7454EEF25FDE91C005FA5F8 /* MainCardView.swift in Sources */,
				E787962825FDCFB100982E3A /* ContentView.swift in Sources */,
				E7454EEB25FDD7D6005FA5F8 /* ListVIew.swift in Sources */,
				E787962625FDCFB100982E3A /* SwiftUI_PracticeApp.swift in Sources */,
				E7454EE225FDD35A005FA5F8 /* VerticalLayoutView.swift in Sources */,
			);
			runOnlyForDeploymentPostprocessing = 0;
		};
/* End PBXSourcesBuildPhase section */

/* Begin XCBuildConfiguration section */
		E787962F25FDCFB200982E3A /* Debug */ = {
			isa = XCBuildConfiguration;
			buildSettings = {
				ALWAYS_SEARCH_USER_PATHS = NO;
				CLANG_ANALYZER_NONNULL = YES;
				CLANG_ANALYZER_NUMBER_OBJECT_CONVERSION = YES_AGGRESSIVE;
				CLANG_CXX_LANGUAGE_STANDARD = "gnu++14";
				CLANG_CXX_LIBRARY = "libc++";
				CLANG_ENABLE_MODULES = YES;
				CLANG_ENABLE_OBJC_ARC = YES;
				CLANG_ENABLE_OBJC_WEAK = YES;
				CLANG_WARN_BLOCK_CAPTURE_AUTORELEASING = YES;
				CLANG_WARN_BOOL_CONVERSION = YES;
				CLANG_WARN_COMMA = YES;
				CLANG_WARN_CONSTANT_CONVERSION = YES;
				CLANG_WARN_DEPRECATED_OBJC_IMPLEMENTATIONS = YES;
				CLANG_WARN_DIRECT_OBJC_ISA_USAGE = YES_ERROR;
				CLANG_WARN_DOCUMENTATION_COMMENTS = YES;
				CLANG_WARN_EMPTY_BODY = YES;
				CLANG_WARN_ENUM_CONVERSION = YES;
				CLANG_WARN_INFINITE_RECURSION = YES;
				CLANG_WARN_INT_CONVERSION = YES;
				CLANG_WARN_NON_LITERAL_NULL_CONVERSION = YES;
				CLANG_WARN_OBJC_IMPLICIT_RETAIN_SELF = YES;
				CLANG_WARN_OBJC_LITERAL_CONVERSION = YES;
				CLANG_WARN_OBJC_ROOT_CLASS = YES_ERROR;
				CLANG_WARN_QUOTED_INCLUDE_IN_FRAMEWORK_HEADER = YES;
				CLANG_WARN_RANGE_LOOP_ANALYSIS = YES;
				CLANG_WARN_STRICT_PROTOTYPES = YES;
				CLANG_WARN_SUSPICIOUS_MOVE = YES;
				CLANG_WARN_UNGUARDED_AVAILABILITY = YES_AGGRESSIVE;
				CLANG_WARN_UNREACHABLE_CODE = YES;
				CLANG_WARN__DUPLICATE_METHOD_MATCH = YES;
				COPY_PHASE_STRIP = NO;
				DEBUG_INFORMATION_FORMAT = dwarf;
				ENABLE_STRICT_OBJC_MSGSEND = YES;
				ENABLE_TESTABILITY = YES;
				GCC_C_LANGUAGE_STANDARD = gnu11;
				GCC_DYNAMIC_NO_PIC = NO;
				GCC_NO_COMMON_BLOCKS = YES;
				GCC_OPTIMIZATION_LEVEL = 0;
				GCC_PREPROCESSOR_DEFINITIONS = (
					"DEBUG=1",
					"$(inherited)",
				);
				GCC_WARN_64_TO_32_BIT_CONVERSION = YES;
				GCC_WARN_ABOUT_RETURN_TYPE = YES_ERROR;
				GCC_WARN_UNDECLARED_SELECTOR = YES;
				GCC_WARN_UNINITIALIZED_AUTOS = YES_AGGRESSIVE;
				GCC_WARN_UNUSED_FUNCTION = YES;
				GCC_WARN_UNUSED_VARIABLE = YES;
				IPHONEOS_DEPLOYMENT_TARGET = 14.4;
				MTL_ENABLE_DEBUG_INFO = INCLUDE_SOURCE;
				MTL_FAST_MATH = YES;
				ONLY_ACTIVE_ARCH = YES;
				SDKROOT = iphoneos;
				SWIFT_ACTIVE_COMPILATION_CONDITIONS = DEBUG;
				SWIFT_OPTIMIZATION_LEVEL = "-Onone";
			};
			name = Debug;
		};
		E787963025FDCFB200982E3A /* Release */ = {
			isa = XCBuildConfiguration;
			buildSettings = {
				ALWAYS_SEARCH_USER_PATHS = NO;
				CLANG_ANALYZER_NONNULL = YES;
				CLANG_ANALYZER_NUMBER_OBJECT_CONVERSION = YES_AGGRESSIVE;
				CLANG_CXX_LANGUAGE_STANDARD = "gnu++14";
				CLANG_CXX_LIBRARY = "libc++";
				CLANG_ENABLE_MODULES = YES;
				CLANG_ENABLE_OBJC_ARC = YES;
				CLANG_ENABLE_OBJC_WEAK = YES;
				CLANG_WARN_BLOCK_CAPTURE_AUTORELEASING = YES;
				CLANG_WARN_BOOL_CONVERSION = YES;
				CLANG_WARN_COMMA = YES;
				CLANG_WARN_CONSTANT_CONVERSION = YES;
				CLANG_WARN_DEPRECATED_OBJC_IMPLEMENTATIONS = YES;
				CLANG_WARN_DIRECT_OBJC_ISA_USAGE = YES_ERROR;
				CLANG_WARN_DOCUMENTATION_COMMENTS = YES;
				CLANG_WARN_EMPTY_BODY = YES;
				CLANG_WARN_ENUM_CONVERSION = YES;
				CLANG_WARN_INFINITE_RECURSION = YES;
				CLANG_WARN_INT_CONVERSION = YES;
				CLANG_WARN_NON_LITERAL_NULL_CONVERSION = YES;
				CLANG_WARN_OBJC_IMPLICIT_RETAIN_SELF = YES;
				CLANG_WARN_OBJC_LITERAL_CONVERSION = YES;
				CLANG_WARN_OBJC_ROOT_CLASS = YES_ERROR;
				CLANG_WARN_QUOTED_INCLUDE_IN_FRAMEWORK_HEADER = YES;
				CLANG_WARN_RANGE_LOOP_ANALYSIS = YES;
				CLANG_WARN_STRICT_PROTOTYPES = YES;
				CLANG_WARN_SUSPICIOUS_MOVE = YES;
				CLANG_WARN_UNGUARDED_AVAILABILITY = YES_AGGRESSIVE;
				CLANG_WARN_UNREACHABLE_CODE = YES;
				CLANG_WARN__DUPLICATE_METHOD_MATCH = YES;
				COPY_PHASE_STRIP = NO;
				DEBUG_INFORMATION_FORMAT = "dwarf-with-dsym";
				ENABLE_NS_ASSERTIONS = NO;
				ENABLE_STRICT_OBJC_MSGSEND = YES;
				GCC_C_LANGUAGE_STANDARD = gnu11;
				GCC_NO_COMMON_BLOCKS = YES;
				GCC_WARN_64_TO_32_BIT_CONVERSION = YES;
				GCC_WARN_ABOUT_RETURN_TYPE = YES_ERROR;
				GCC_WARN_UNDECLARED_SELECTOR = YES;
				GCC_WARN_UNINITIALIZED_AUTOS = YES_AGGRESSIVE;
				GCC_WARN_UNUSED_FUNCTION = YES;
				GCC_WARN_UNUSED_VARIABLE = YES;
				IPHONEOS_DEPLOYMENT_TARGET = 14.4;
				MTL_ENABLE_DEBUG_INFO = NO;
				MTL_FAST_MATH = YES;
				SDKROOT = iphoneos;
				SWIFT_COMPILATION_MODE = wholemodule;
				SWIFT_OPTIMIZATION_LEVEL = "-O";
				VALIDATE_PRODUCT = YES;
			};
			name = Release;
		};
		E787963225FDCFB200982E3A /* Debug */ = {
			isa = XCBuildConfiguration;
			buildSettings = {
				ASSETCATALOG_COMPILER_APPICON_NAME = AppIcon;
				ASSETCATALOG_COMPILER_GLOBAL_ACCENT_COLOR_NAME = AccentColor;
				CODE_SIGN_STYLE = Automatic;
				DEVELOPMENT_ASSET_PATHS = "\"SwiftUI-Practice/Preview Content\"";
				DEVELOPMENT_TEAM = W9AJ887PBK;
				ENABLE_PREVIEWS = YES;
				INFOPLIST_FILE = "SwiftUI-Practice/Info.plist";
				IPHONEOS_DEPLOYMENT_TARGET = 14.0;
				LD_RUNPATH_SEARCH_PATHS = (
					"$(inherited)",
					"@executable_path/Frameworks",
				);
				PRODUCT_BUNDLE_IDENTIFIER = "com.shindorim.SwiftUI-Practice";
				PRODUCT_NAME = "$(TARGET_NAME)";
				SWIFT_VERSION = 5.0;
				TARGETED_DEVICE_FAMILY = "1,2";
			};
			name = Debug;
		};
		E787963325FDCFB200982E3A /* Release */ = {
			isa = XCBuildConfiguration;
			buildSettings = {
				ASSETCATALOG_COMPILER_APPICON_NAME = AppIcon;
				ASSETCATALOG_COMPILER_GLOBAL_ACCENT_COLOR_NAME = AccentColor;
				CODE_SIGN_STYLE = Automatic;
				DEVELOPMENT_ASSET_PATHS = "\"SwiftUI-Practice/Preview Content\"";
				DEVELOPMENT_TEAM = W9AJ887PBK;
				ENABLE_PREVIEWS = YES;
				INFOPLIST_FILE = "SwiftUI-Practice/Info.plist";
				IPHONEOS_DEPLOYMENT_TARGET = 14.0;
				LD_RUNPATH_SEARCH_PATHS = (
					"$(inherited)",
					"@executable_path/Frameworks",
				);
				PRODUCT_BUNDLE_IDENTIFIER = "com.shindorim.SwiftUI-Practice";
				PRODUCT_NAME = "$(TARGET_NAME)";
				SWIFT_VERSION = 5.0;
				TARGETED_DEVICE_FAMILY = "1,2";
			};
			name = Release;
		};
/* End XCBuildConfiguration section */

/* Begin XCConfigurationList section */
		E787961D25FDCFB100982E3A /* Build configuration list for PBXProject "SwiftUI-Practice" */ = {
			isa = XCConfigurationList;
			buildConfigurations = (
				E787962F25FDCFB200982E3A /* Debug */,
				E787963025FDCFB200982E3A /* Release */,
			);
			defaultConfigurationIsVisible = 0;
			defaultConfigurationName = Release;
		};
		E787963125FDCFB200982E3A /* Build configuration list for PBXNativeTarget "SwiftUI-Practice" */ = {
			isa = XCConfigurationList;
			buildConfigurations = (
				E787963225FDCFB200982E3A /* Debug */,
				E787963325FDCFB200982E3A /* Release */,
			);
			defaultConfigurationIsVisible = 0;
			defaultConfigurationName = Release;
		};
/* End XCConfigurationList section */
	};
	rootObject = E787961A25FDCFB100982E3A /* Project object */;
}
